
Microsoft Visual Studio Solution File, Format Version 12.00
# Visual Studio Version 16
VisualStudioVersion = 16.0.32002.261
MinimumVisualStudioVersion = 10.0.40219.1
Project("{FAE04EC0-301F-11D3-BF4B-00C04F79EFBC}") = "TextronApp", "TextronApp.csproj", "{DEAFCF27-FE35-40CC-B1D3-961CE9FB7AA2}"
EndProject
Global
	GlobalSection(SolutionConfigurationPlatforms) = preSolution
		Debug|Any CPU = Debug|Any CPU
		Release|Any CPU = Release|Any CPU
	EndGlobalSection
	GlobalSection(ProjectConfigurationPlatforms) = postSolution
		{DEAFCF27-FE35-40CC-B1D3-961CE9FB7AA2}.Debug|Any CPU.ActiveCfg = Debug|Any CPU
		{DEAFCF27-FE35-40CC-B1D3-961CE9FB7AA2}.Debug|Any CPU.Build.0 = Debug|Any CPU
		{DEAFCF27-FE35-40CC-B1D3-961CE9FB7AA2}.Release|Any CPU.ActiveCfg = Release|Any CPU
		{DEAFCF27-FE35-40CC-B1D3-961CE9FB7AA2}.Release|Any CPU.Build.0 = Release|Any CPU
	EndGlobalSection
	GlobalSection(SolutionProperties) = preSolution
		HideSolutionNode = FALSE
	EndGlobalSection
	GlobalSection(ExtensibilityGlobals) = postSolution
		SolutionGuid = {F9C92342-C179-44E8-8A37-F2EA8953F6F0}
	EndGlobalSection
EndGlobal
